
Microsoft Visual Studio Solution File, Format Version 12.00
# Visual Studio 15
VisualStudioVersion = 15.0.26124.0
MinimumVisualStudioVersion = 15.0.26124.0
Project("{FAE04EC0-301F-11D3-BF4B-00C04F79EFBC}") = "dapr.microservices.webapi", "dapr.microservices.webapi\dapr.microservices.webapi.csproj", "{77A58D9B-CA92-4239-A195-8098E9DA918D}"
EndProject
Project("{FAE04EC0-301F-11D3-BF4B-00C04F79EFBC}") = "sample.microservice.webapi", "sample.microservice.webapi\sample.microservice.webapi.csproj", "{2C16706F-4C05-4342-9270-12A3D5DAF019}"
EndProject
Global
	GlobalSection(SolutionConfigurationPlatforms) = preSolution
		Debug|Any CPU = Debug|Any CPU
		Debug|x64 = Debug|x64
		Debug|x86 = Debug|x86
		Release|Any CPU = Release|Any CPU
		Release|x64 = Release|x64
		Release|x86 = Release|x86
	EndGlobalSection
	GlobalSection(SolutionProperties) = preSolution
		HideSolutionNode = FALSE
	EndGlobalSection
	GlobalSection(ProjectConfigurationPlatforms) = postSolution
		{77A58D9B-CA92-4239-A195-8098E9DA918D}.Debug|Any CPU.ActiveCfg = Debug|Any CPU
		{77A58D9B-CA92-4239-A195-8098E9DA918D}.Debug|Any CPU.Build.0 = Debug|Any CPU
		{77A58D9B-CA92-4239-A195-8098E9DA918D}.Debug|x64.ActiveCfg = Debug|Any CPU
		{77A58D9B-CA92-4239-A195-8098E9DA918D}.Debug|x64.Build.0 = Debug|Any CPU
		{77A58D9B-CA92-4239-A195-8098E9DA918D}.Debug|x86.ActiveCfg = Debug|Any CPU
		{77A58D9B-CA92-4239-A195-8098E9DA918D}.Debug|x86.Build.0 = Debug|Any CPU
		{77A58D9B-CA92-4239-A195-8098E9DA918D}.Release|Any CPU.ActiveCfg = Release|Any CPU
		{77A58D9B-CA92-4239-A195-8098E9DA918D}.Release|Any CPU.Build.0 = Release|Any CPU
		{77A58D9B-CA92-4239-A195-8098E9DA918D}.Release|x64.ActiveCfg = Release|Any CPU
		{77A58D9B-CA92-4239-A195-8098E9DA918D}.Release|x64.Build.0 = Release|Any CPU
		{77A58D9B-CA92-4239-A195-8098E9DA918D}.Release|x86.ActiveCfg = Release|Any CPU
		{77A58D9B-CA92-4239-A195-8098E9DA918D}.Release|x86.Build.0 = Release|Any CPU
		{2C16706F-4C05-4342-9270-12A3D5DAF019}.Debug|Any CPU.ActiveCfg = Debug|Any CPU
		{2C16706F-4C05-4342-9270-12A3D5DAF019}.Debug|Any CPU.Build.0 = Debug|Any CPU
		{2C16706F-4C05-4342-9270-12A3D5DAF019}.Debug|x64.ActiveCfg = Debug|Any CPU
		{2C16706F-4C05-4342-9270-12A3D5DAF019}.Debug|x64.Build.0 = Debug|Any CPU
		{2C16706F-4C05-4342-9270-12A3D5DAF019}.Debug|x86.ActiveCfg = Debug|Any CPU
		{2C16706F-4C05-4342-9270-12A3D5DAF019}.Debug|x86.Build.0 = Debug|Any CPU
		{2C16706F-4C05-4342-9270-12A3D5DAF019}.Release|Any CPU.ActiveCfg = Release|Any CPU
		{2C16706F-4C05-4342-9270-12A3D5DAF019}.Release|Any CPU.Build.0 = Release|Any CPU
		{2C16706F-4C05-4342-9270-12A3D5DAF019}.Release|x64.ActiveCfg = Release|Any CPU
		{2C16706F-4C05-4342-9270-12A3D5DAF019}.Release|x64.Build.0 = Release|Any CPU
		{2C16706F-4C05-4342-9270-12A3D5DAF019}.Release|x86.ActiveCfg = Release|Any CPU
		{2C16706F-4C05-4342-9270-12A3D5DAF019}.Release|x86.Build.0 = Release|Any CPU
	EndGlobalSection
EndGlobal
